
Microsoft Visual Studio Solution File, Format Version 12.00
# Visual Studio Version 16
VisualStudioVersion = 16.0.31025.194
MinimumVisualStudioVersion = 10.0.40219.1
Project("{8BC9CEB8-8B4A-11D0-8D11-00A0C91BC942}") = "연산자 오버로드 (P797 4)", "연산자 오버로드 (P797 4)\연산자 오버로드 (P797 4).vcxproj", "{F7738EB3-FF18-452B-88CE-25B7F4BF3BE9}"
EndProject
Global
	GlobalSection(SolutionConfigurationPlatforms) = preSolution
		Debug|x64 = Debug|x64
		Debug|x86 = Debug|x86
		Release|x64 = Release|x64
		Release|x86 = Release|x86
	EndGlobalSection
	GlobalSection(ProjectConfigurationPlatforms) = postSolution
		{F7738EB3-FF18-452B-88CE-25B7F4BF3BE9}.Debug|x64.ActiveCfg = Debug|x64
		{F7738EB3-FF18-452B-88CE-25B7F4BF3BE9}.Debug|x64.Build.0 = Debug|x64
		{F7738EB3-FF18-452B-88CE-25B7F4BF3BE9}.Debug|x86.ActiveCfg = Debug|Win32
		{F7738EB3-FF18-452B-88CE-25B7F4BF3BE9}.Debug|x86.Build.0 = Debug|Win32
		{F7738EB3-FF18-452B-88CE-25B7F4BF3BE9}.Release|x64.ActiveCfg = Release|x64
		{F7738EB3-FF18-452B-88CE-25B7F4BF3BE9}.Release|x64.Build.0 = Release|x64
		{F7738EB3-FF18-452B-88CE-25B7F4BF3BE9}.Release|x86.ActiveCfg = Release|Win32
		{F7738EB3-FF18-452B-88CE-25B7F4BF3BE9}.Release|x86.Build.0 = Release|Win32
	EndGlobalSection
	GlobalSection(SolutionProperties) = preSolution
		HideSolutionNode = FALSE
	EndGlobalSection
	GlobalSection(ExtensibilityGlobals) = postSolution
		SolutionGuid = {970330D0-7BBC-4793-A24B-1635E9C88372}
	EndGlobalSection
EndGlobal
